// !$*UTF8*$!
{
	archiveVersion = 1;
	classes = {
	};
	objectVersion = 48;
	objects = {

/* Begin PBXBuildFile section */
		F4E827212059B96900ED6705 /* AppDelegate.swift in Sources */ = {isa = PBXBuildFile; fileRef = F4E827202059B96900ED6705 /* AppDelegate.swift */; };
		F4E827262059B96A00ED6705 /* Main.storyboard in Resources */ = {isa = PBXBuildFile; fileRef = F4E827242059B96A00ED6705 /* Main.storyboard */; };
		F4E827282059B96A00ED6705 /* Assets.xcassets in Resources */ = {isa = PBXBuildFile; fileRef = F4E827272059B96A00ED6705 /* Assets.xcassets */; };
		F4E8272B2059B96A00ED6705 /* LaunchScreen.storyboard in Resources */ = {isa = PBXBuildFile; fileRef = F4E827292059B96A00ED6705 /* LaunchScreen.storyboard */; };
		F4E827332059B9A600ED6705 /* LessonNode.swift in Sources */ = {isa = PBXBuildFile; fileRef = F4E827322059B9A600ED6705 /* LessonNode.swift */; };
		F4E8273F2059C19E00ED6705 /* User.swift in Sources */ = {isa = PBXBuildFile; fileRef = F4E8273E2059C19E00ED6705 /* User.swift */; };
		F4E827412059ECB400ED6705 /* FileManager.swift in Sources */ = {isa = PBXBuildFile; fileRef = F4E827402059ECB400ED6705 /* FileManager.swift */; };
		F4E82749205AFDE600ED6705 /* ProgressNode.swift in Sources */ = {isa = PBXBuildFile; fileRef = F4E82748205AFDE600ED6705 /* ProgressNode.swift */; };
		F4E8274F205AFFE200ED6705 /* CourseUnitsListTVC.swift in Sources */ = {isa = PBXBuildFile; fileRef = F4E8274E205AFFE200ED6705 /* CourseUnitsListTVC.swift */; };
		F4E82750205B060600ED6705 /* lessonData.json in Resources */ = {isa = PBXBuildFile; fileRef = F4E82747205AD49500ED6705 /* lessonData.json */; };
		F4E82752205B1C4400ED6705 /* UnitLessonListTVC.swift in Sources */ = {isa = PBXBuildFile; fileRef = F4E82751205B1C4400ED6705 /* UnitLessonListTVC.swift */; };
		F4E82754205B1FE500ED6705 /* LessonDetailTVC.swift in Sources */ = {isa = PBXBuildFile; fileRef = F4E82753205B1FE500ED6705 /* LessonDetailTVC.swift */; };
		F4E82756205B5FC100ED6705 /* IndexPath.swift in Sources */ = {isa = PBXBuildFile; fileRef = F4E82755205B5FC100ED6705 /* IndexPath.swift */; };
		F4E82758205C488400ED6705 /* Course.swift in Sources */ = {isa = PBXBuildFile; fileRef = F4E82757205C488400ED6705 /* Course.swift */; };
		F4E8275A205C4D1700ED6705 /* courseData.json in Resources */ = {isa = PBXBuildFile; fileRef = F4E82759205C4D1700ED6705 /* courseData.json */; };
		F4E8275C205C836E00ED6705 /* SettingsVC.swift in Sources */ = {isa = PBXBuildFile; fileRef = F4E8275B205C836E00ED6705 /* SettingsVC.swift */; };
		F4E8275E205C838E00ED6705 /* EditDateVC.swift in Sources */ = {isa = PBXBuildFile; fileRef = F4E8275D205C838E00ED6705 /* EditDateVC.swift */; };
/* End PBXBuildFile section */

/* Begin PBXFileReference section */
		F4E8271D2059B96900ED6705 /* MyProgress.app */ = {isa = PBXFileReference; explicitFileType = wrapper.application; includeInIndex = 0; path = MyProgress.app; sourceTree = BUILT_PRODUCTS_DIR; };
		F4E827202059B96900ED6705 /* AppDelegate.swift */ = {isa = PBXFileReference; lastKnownFileType = sourcecode.swift; path = AppDelegate.swift; sourceTree = "<group>"; };
		F4E827252059B96A00ED6705 /* Base */ = {isa = PBXFileReference; lastKnownFileType = file.storyboard; name = Base; path = Base.lproj/Main.storyboard; sourceTree = "<group>"; };
		F4E827272059B96A00ED6705 /* Assets.xcassets */ = {isa = PBXFileReference; lastKnownFileType = folder.assetcatalog; path = Assets.xcassets; sourceTree = "<group>"; };
		F4E8272A2059B96A00ED6705 /* Base */ = {isa = PBXFileReference; lastKnownFileType = file.storyboard; name = Base; path = Base.lproj/LaunchScreen.storyboard; sourceTree = "<group>"; };
		F4E8272C2059B96A00ED6705 /* Info.plist */ = {isa = PBXFileReference; lastKnownFileType = text.plist.xml; path = Info.plist; sourceTree = "<group>"; };
		F4E827322059B9A600ED6705 /* LessonNode.swift */ = {isa = PBXFileReference; lastKnownFileType = sourcecode.swift; path = LessonNode.swift; sourceTree = "<group>"; };
		F4E8273E2059C19E00ED6705 /* User.swift */ = {isa = PBXFileReference; lastKnownFileType = sourcecode.swift; path = User.swift; sourceTree = "<group>"; };
		F4E827402059ECB400ED6705 /* FileManager.swift */ = {isa = PBXFileReference; fileEncoding = 4; lastKnownFileType = sourcecode.swift; path = FileManager.swift; sourceTree = "<group>"; };
		F4E82747205AD49500ED6705 /* lessonData.json */ = {isa = PBXFileReference; lastKnownFileType = text.json; path = lessonData.json; sourceTree = "<group>"; };
		F4E82748205AFDE600ED6705 /* ProgressNode.swift */ = {isa = PBXFileReference; lastKnownFileType = sourcecode.swift; path = ProgressNode.swift; sourceTree = "<group>"; };
		F4E8274E205AFFE200ED6705 /* CourseUnitsListTVC.swift */ = {isa = PBXFileReference; lastKnownFileType = sourcecode.swift; path = CourseUnitsListTVC.swift; sourceTree = "<group>"; };
		F4E82751205B1C4400ED6705 /* UnitLessonListTVC.swift */ = {isa = PBXFileReference; lastKnownFileType = sourcecode.swift; path = UnitLessonListTVC.swift; sourceTree = "<group>"; };
		F4E82753205B1FE500ED6705 /* LessonDetailTVC.swift */ = {isa = PBXFileReference; lastKnownFileType = sourcecode.swift; path = LessonDetailTVC.swift; sourceTree = "<group>"; };
		F4E82755205B5FC100ED6705 /* IndexPath.swift */ = {isa = PBXFileReference; lastKnownFileType = sourcecode.swift; path = IndexPath.swift; sourceTree = "<group>"; };
		F4E82757205C488400ED6705 /* Course.swift */ = {isa = PBXFileReference; lastKnownFileType = sourcecode.swift; path = Course.swift; sourceTree = "<group>"; };
		F4E82759205C4D1700ED6705 /* courseData.json */ = {isa = PBXFileReference; lastKnownFileType = text.json; path = courseData.json; sourceTree = "<group>"; };
		F4E8275B205C836E00ED6705 /* SettingsVC.swift */ = {isa = PBXFileReference; lastKnownFileType = sourcecode.swift; path = SettingsVC.swift; sourceTree = "<group>"; };
		F4E8275D205C838E00ED6705 /* EditDateVC.swift */ = {isa = PBXFileReference; lastKnownFileType = sourcecode.swift; path = EditDateVC.swift; sourceTree = "<group>"; };
/* End PBXFileReference section */

/* Begin PBXFrameworksBuildPhase section */
		F4E8271A2059B96900ED6705 /* Frameworks */ = {
			isa = PBXFrameworksBuildPhase;
			buildActionMask = 2147483647;
			files = (
			);
			runOnlyForDeploymentPostprocessing = 0;
		};
/* End PBXFrameworksBuildPhase section */

/* Begin PBXGroup section */
		F4E827142059B96900ED6705 = {
			isa = PBXGroup;
			children = (
				F4E8271F2059B96900ED6705 /* MyProgress */,
				F4E8271E2059B96900ED6705 /* Products */,
			);
			sourceTree = "<group>";
		};
		F4E8271E2059B96900ED6705 /* Products */ = {
			isa = PBXGroup;
			children = (
				F4E8271D2059B96900ED6705 /* MyProgress.app */,
			);
			name = Products;
			sourceTree = "<group>";
		};
		F4E8271F2059B96900ED6705 /* MyProgress */ = {
			isa = PBXGroup;
			children = (
				F4E8274C205AFF3D00ED6705 /* Extensions */,
				F4E8274A205AFF0B00ED6705 /* Model */,
				F4E827202059B96900ED6705 /* AppDelegate.swift */,
				F4E8274D205AFF4F00ED6705 /* VCs */,
				F4E827242059B96A00ED6705 /* Main.storyboard */,
				F4E827272059B96A00ED6705 /* Assets.xcassets */,
				F4E827292059B96A00ED6705 /* LaunchScreen.storyboard */,
				F4E8272C2059B96A00ED6705 /* Info.plist */,
				F4E8274B205AFF1C00ED6705 /* Resources */,
			);
			path = MyProgress;
			sourceTree = "<group>";
		};
		F4E8274A205AFF0B00ED6705 /* Model */ = {
			isa = PBXGroup;
			children = (
				F4E82757205C488400ED6705 /* Course.swift */,
				F4E827322059B9A600ED6705 /* LessonNode.swift */,
				F4E82748205AFDE600ED6705 /* ProgressNode.swift */,
				F4E8273E2059C19E00ED6705 /* User.swift */,
			);
			path = Model;
			sourceTree = "<group>";
		};
		F4E8274B205AFF1C00ED6705 /* Resources */ = {
			isa = PBXGroup;
			children = (
				F4E82747205AD49500ED6705 /* lessonData.json */,
				F4E82759205C4D1700ED6705 /* courseData.json */,
			);
			path = Resources;
			sourceTree = "<group>";
		};
		F4E8274C205AFF3D00ED6705 /* Extensions */ = {
			isa = PBXGroup;
			children = (
				F4E827402059ECB400ED6705 /* FileManager.swift */,
				F4E82755205B5FC100ED6705 /* IndexPath.swift */,
			);
			path = Extensions;
			sourceTree = "<group>";
		};
		F4E8274D205AFF4F00ED6705 /* VCs */ = {
			isa = PBXGroup;
			children = (
				F4E8275B205C836E00ED6705 /* SettingsVC.swift */,
				F4E8274E205AFFE200ED6705 /* CourseUnitsListTVC.swift */,
				F4E82751205B1C4400ED6705 /* UnitLessonListTVC.swift */,
				F4E82753205B1FE500ED6705 /* LessonDetailTVC.swift */,
				F4E8275D205C838E00ED6705 /* EditDateVC.swift */,
			);
			path = VCs;
			sourceTree = "<group>";
		};
/* End PBXGroup section */

/* Begin PBXNativeTarget section */
		F4E8271C2059B96900ED6705 /* MyProgress */ = {
			isa = PBXNativeTarget;
			buildConfigurationList = F4E8272F2059B96A00ED6705 /* Build configuration list for PBXNativeTarget "MyProgress" */;
			buildPhases = (
				F4E827192059B96900ED6705 /* Sources */,
				F4E8271A2059B96900ED6705 /* Frameworks */,
				F4E8271B2059B96900ED6705 /* Resources */,
			);
			buildRules = (
			);
			dependencies = (
			);
			name = MyProgress;
			productName = MyProgress;
			productReference = F4E8271D2059B96900ED6705 /* MyProgress.app */;
			productType = "com.apple.product-type.application";
		};
/* End PBXNativeTarget section */

/* Begin PBXProject section */
		F4E827152059B96900ED6705 /* Project object */ = {
			isa = PBXProject;
			attributes = {
				LastSwiftUpdateCheck = 0920;
				LastUpgradeCheck = 0920;
				ORGANIZATIONNAME = "Bonnerventure, Inc.";
				TargetAttributes = {
					F4E8271C2059B96900ED6705 = {
						CreatedOnToolsVersion = 9.2;
						ProvisioningStyle = Automatic;
					};
				};
			};
			buildConfigurationList = F4E827182059B96900ED6705 /* Build configuration list for PBXProject "MyProgress" */;
			compatibilityVersion = "Xcode 8.0";
			developmentRegion = en;
			hasScannedForEncodings = 0;
			knownRegions = (
				en,
				Base,
			);
			mainGroup = F4E827142059B96900ED6705;
			productRefGroup = F4E8271E2059B96900ED6705 /* Products */;
			projectDirPath = "";
			projectRoot = "";
			targets = (
				F4E8271C2059B96900ED6705 /* MyProgress */,
			);
		};
/* End PBXProject section */

/* Begin PBXResourcesBuildPhase section */
		F4E8271B2059B96900ED6705 /* Resources */ = {
			isa = PBXResourcesBuildPhase;
			buildActionMask = 2147483647;
			files = (
				F4E8272B2059B96A00ED6705 /* LaunchScreen.storyboard in Resources */,
				F4E82750205B060600ED6705 /* lessonData.json in Resources */,
				F4E8275A205C4D1700ED6705 /* courseData.json in Resources */,
				F4E827282059B96A00ED6705 /* Assets.xcassets in Resources */,
				F4E827262059B96A00ED6705 /* Main.storyboard in Resources */,
			);
			runOnlyForDeploymentPostprocessing = 0;
		};
/* End PBXResourcesBuildPhase section */

/* Begin PBXSourcesBuildPhase section */
		F4E827192059B96900ED6705 /* Sources */ = {
			isa = PBXSourcesBuildPhase;
			buildActionMask = 2147483647;
			files = (
				F4E8275E205C838E00ED6705 /* EditDateVC.swift in Sources */,
				F4E8275C205C836E00ED6705 /* SettingsVC.swift in Sources */,
				F4E82754205B1FE500ED6705 /* LessonDetailTVC.swift in Sources */,
				F4E8274F205AFFE200ED6705 /* CourseUnitsListTVC.swift in Sources */,
				F4E82758205C488400ED6705 /* Course.swift in Sources */,
				F4E82749205AFDE600ED6705 /* ProgressNode.swift in Sources */,
				F4E827412059ECB400ED6705 /* FileManager.swift in Sources */,
				F4E82756205B5FC100ED6705 /* IndexPath.swift in Sources */,
				F4E82752205B1C4400ED6705 /* UnitLessonListTVC.swift in Sources */,
				F4E8273F2059C19E00ED6705 /* User.swift in Sources */,
				F4E827332059B9A600ED6705 /* LessonNode.swift in Sources */,
				F4E827212059B96900ED6705 /* AppDelegate.swift in Sources */,
			);
			runOnlyForDeploymentPostprocessing = 0;
		};
/* End PBXSourcesBuildPhase section */

/* Begin PBXVariantGroup section */
		F4E827242059B96A00ED6705 /* Main.storyboard */ = {
			isa = PBXVariantGroup;
			children = (
				F4E827252059B96A00ED6705 /* Base */,
			);
			name = Main.storyboard;
			sourceTree = "<group>";
		};
		F4E827292059B96A00ED6705 /* LaunchScreen.storyboard */ = {
			isa = PBXVariantGroup;
			children = (
				F4E8272A2059B96A00ED6705 /* Base */,
			);
			name = LaunchScreen.storyboard;
			sourceTree = "<group>";
		};
/* End PBXVariantGroup section */

/* Begin XCBuildConfiguration section */
		F4E8272D2059B96A00ED6705 /* Debug */ = {
			isa = XCBuildConfiguration;
			buildSettings = {
				ALWAYS_SEARCH_USER_PATHS = NO;
				CLANG_ANALYZER_NONNULL = YES;
				CLANG_ANALYZER_NUMBER_OBJECT_CONVERSION = YES_AGGRESSIVE;
				CLANG_CXX_LANGUAGE_STANDARD = "gnu++14";
				CLANG_CXX_LIBRARY = "libc++";
				CLANG_ENABLE_MODULES = YES;
				CLANG_ENABLE_OBJC_ARC = YES;
				CLANG_WARN_BLOCK_CAPTURE_AUTORELEASING = YES;
				CLANG_WARN_BOOL_CONVERSION = YES;
				CLANG_WARN_COMMA = YES;
				CLANG_WARN_CONSTANT_CONVERSION = YES;
				CLANG_WARN_DIRECT_OBJC_ISA_USAGE = YES_ERROR;
				CLANG_WARN_DOCUMENTATION_COMMENTS = YES;
				CLANG_WARN_EMPTY_BODY = YES;
				CLANG_WARN_ENUM_CONVERSION = YES;
				CLANG_WARN_INFINITE_RECURSION = YES;
				CLANG_WARN_INT_CONVERSION = YES;
				CLANG_WARN_NON_LITERAL_NULL_CONVERSION = YES;
				CLANG_WARN_OBJC_LITERAL_CONVERSION = YES;
				CLANG_WARN_OBJC_ROOT_CLASS = YES_ERROR;
				CLANG_WARN_RANGE_LOOP_ANALYSIS = YES;
				CLANG_WARN_STRICT_PROTOTYPES = YES;
				CLANG_WARN_SUSPICIOUS_MOVE = YES;
				CLANG_WARN_UNGUARDED_AVAILABILITY = YES_AGGRESSIVE;
				CLANG_WARN_UNREACHABLE_CODE = YES;
				CLANG_WARN__DUPLICATE_METHOD_MATCH = YES;
				CODE_SIGN_IDENTITY = "iPhone Developer";
				COPY_PHASE_STRIP = NO;
				DEBUG_INFORMATION_FORMAT = dwarf;
				ENABLE_STRICT_OBJC_MSGSEND = YES;
				ENABLE_TESTABILITY = YES;
				GCC_C_LANGUAGE_STANDARD = gnu11;
				GCC_DYNAMIC_NO_PIC = NO;
				GCC_NO_COMMON_BLOCKS = YES;
				GCC_OPTIMIZATION_LEVEL = 0;
				GCC_PREPROCESSOR_DEFINITIONS = (
					"DEBUG=1",
					"$(inherited)",
				);
				GCC_WARN_64_TO_32_BIT_CONVERSION = YES;
				GCC_WARN_ABOUT_RETURN_TYPE = YES_ERROR;
				GCC_WARN_UNDECLARED_SELECTOR = YES;
				GCC_WARN_UNINITIALIZED_AUTOS = YES_AGGRESSIVE;
				GCC_WARN_UNUSED_FUNCTION = YES;
				GCC_WARN_UNUSED_VARIABLE = YES;
				IPHONEOS_DEPLOYMENT_TARGET = 11.2;
				MTL_ENABLE_DEBUG_INFO = YES;
				ONLY_ACTIVE_ARCH = YES;
				SDKROOT = iphoneos;
				SWIFT_ACTIVE_COMPILATION_CONDITIONS = DEBUG;
				SWIFT_OPTIMIZATION_LEVEL = "-Onone";
			};
			name = Debug;
		};
		F4E8272E2059B96A00ED6705 /* Release */ = {
			isa = XCBuildConfiguration;
			buildSettings = {
				ALWAYS_SEARCH_USER_PATHS = NO;
				CLANG_ANALYZER_NONNULL = YES;
				CLANG_ANALYZER_NUMBER_OBJECT_CONVERSION = YES_AGGRESSIVE;
				CLANG_CXX_LANGUAGE_STANDARD = "gnu++14";
				CLANG_CXX_LIBRARY = "libc++";
				CLANG_ENABLE_MODULES = YES;
				CLANG_ENABLE_OBJC_ARC = YES;
				CLANG_WARN_BLOCK_CAPTURE_AUTORELEASING = YES;
				CLANG_WARN_BOOL_CONVERSION = YES;
				CLANG_WARN_COMMA = YES;
				CLANG_WARN_CONSTANT_CONVERSION = YES;
				CLANG_WARN_DIRECT_OBJC_ISA_USAGE = YES_ERROR;
				CLANG_WARN_DOCUMENTATION_COMMENTS = YES;
				CLANG_WARN_EMPTY_BODY = YES;
				CLANG_WARN_ENUM_CONVERSION = YES;
				CLANG_WARN_INFINITE_RECURSION = YES;
				CLANG_WARN_INT_CONVERSION = YES;
				CLANG_WARN_NON_LITERAL_NULL_CONVERSION = YES;
				CLANG_WARN_OBJC_LITERAL_CONVERSION = YES;
				CLANG_WARN_OBJC_ROOT_CLASS = YES_ERROR;
				CLANG_WARN_RANGE_LOOP_ANALYSIS = YES;
				CLANG_WARN_STRICT_PROTOTYPES = YES;
				CLANG_WARN_SUSPICIOUS_MOVE = YES;
				CLANG_WARN_UNGUARDED_AVAILABILITY = YES_AGGRESSIVE;
				CLANG_WARN_UNREACHABLE_CODE = YES;
				CLANG_WARN__DUPLICATE_METHOD_MATCH = YES;
				CODE_SIGN_IDENTITY = "iPhone Developer";
				COPY_PHASE_STRIP = NO;
				DEBUG_INFORMATION_FORMAT = "dwarf-with-dsym";
				ENABLE_NS_ASSERTIONS = NO;
				ENABLE_STRICT_OBJC_MSGSEND = YES;
				GCC_C_LANGUAGE_STANDARD = gnu11;
				GCC_NO_COMMON_BLOCKS = YES;
				GCC_WARN_64_TO_32_BIT_CONVERSION = YES;
				GCC_WARN_ABOUT_RETURN_TYPE = YES_ERROR;
				GCC_WARN_UNDECLARED_SELECTOR = YES;
				GCC_WARN_UNINITIALIZED_AUTOS = YES_AGGRESSIVE;
				GCC_WARN_UNUSED_FUNCTION = YES;
				GCC_WARN_UNUSED_VARIABLE = YES;
				IPHONEOS_DEPLOYMENT_TARGET = 11.2;
				MTL_ENABLE_DEBUG_INFO = NO;
				SDKROOT = iphoneos;
				SWIFT_OPTIMIZATION_LEVEL = "-Owholemodule";
				VALIDATE_PRODUCT = YES;
			};
			name = Release;
		};
		F4E827302059B96A00ED6705 /* Debug */ = {
			isa = XCBuildConfiguration;
			buildSettings = {
				ASSETCATALOG_COMPILER_APPICON_NAME = AppIcon;
				CODE_SIGN_STYLE = Automatic;
				DEVELOPMENT_TEAM = V8RA7CGSL2;
				INFOPLIST_FILE = MyProgress/Info.plist;
				LD_RUNPATH_SEARCH_PATHS = "$(inherited) @executable_path/Frameworks";
				PRODUCT_BUNDLE_IDENTIFIER = com.bonnerventure.MyProgress;
				PRODUCT_NAME = "$(TARGET_NAME)";
				SWIFT_VERSION = 4.0;
				TARGETED_DEVICE_FAMILY = "1,2";
			};
			name = Debug;
		};
		F4E827312059B96A00ED6705 /* Release */ = {
			isa = XCBuildConfiguration;
			buildSettings = {
				ASSETCATALOG_COMPILER_APPICON_NAME = AppIcon;
				CODE_SIGN_STYLE = Automatic;
				DEVELOPMENT_TEAM = V8RA7CGSL2;
				INFOPLIST_FILE = MyProgress/Info.plist;
				LD_RUNPATH_SEARCH_PATHS = "$(inherited) @executable_path/Frameworks";
				PRODUCT_BUNDLE_IDENTIFIER = com.bonnerventure.MyProgress;
				PRODUCT_NAME = "$(TARGET_NAME)";
				SWIFT_VERSION = 4.0;
				TARGETED_DEVICE_FAMILY = "1,2";
			};
			name = Release;
		};
/* End XCBuildConfiguration section */

/* Begin XCConfigurationList section */
		F4E827182059B96900ED6705 /* Build configuration list for PBXProject "MyProgress" */ = {
			isa = XCConfigurationList;
			buildConfigurations = (
				F4E8272D2059B96A00ED6705 /* Debug */,
				F4E8272E2059B96A00ED6705 /* Release */,
			);
			defaultConfigurationIsVisible = 0;
			defaultConfigurationName = Release;
		};
		F4E8272F2059B96A00ED6705 /* Build configuration list for PBXNativeTarget "MyProgress" */ = {
			isa = XCConfigurationList;
			buildConfigurations = (
				F4E827302059B96A00ED6705 /* Debug */,
				F4E827312059B96A00ED6705 /* Release */,
			);
			defaultConfigurationIsVisible = 0;
			defaultConfigurationName = Release;
		};
/* End XCConfigurationList section */
	};
	rootObject = F4E827152059B96900ED6705 /* Project object */;
}
